// !$*UTF8*$!
{
	archiveVersion = 1;
	classes = {
	};
	objectVersion = 46;
	objects = {

/* Begin PBXBuildFile section */
		B6E726781F436DBB0067B6F5 /* AppDelegate.swift in Sources */ = {isa = PBXBuildFile; fileRef = B6E726771F436DBB0067B6F5 /* AppDelegate.swift */; };
		B6E7267D1F436DBB0067B6F5 /* Main.storyboard in Resources */ = {isa = PBXBuildFile; fileRef = B6E7267B1F436DBB0067B6F5 /* Main.storyboard */; };
		B6E726801F436DBB0067B6F5 /* Quotewall.xcdatamodeld in Sources */ = {isa = PBXBuildFile; fileRef = B6E7267E1F436DBB0067B6F5 /* Quotewall.xcdatamodeld */; };
		B6E726821F436DBB0067B6F5 /* Assets.xcassets in Resources */ = {isa = PBXBuildFile; fileRef = B6E726811F436DBB0067B6F5 /* Assets.xcassets */; };
		B6E726851F436DBB0067B6F5 /* LaunchScreen.storyboard in Resources */ = {isa = PBXBuildFile; fileRef = B6E726831F436DBB0067B6F5 /* LaunchScreen.storyboard */; };
		B6E726921F4371EF0067B6F5 /* CloudKitController.swift in Sources */ = {isa = PBXBuildFile; fileRef = B6E726911F4371EF0067B6F5 /* CloudKitController.swift */; };
		B6E726941F4372BC0067B6F5 /* Quotewall.swift in Sources */ = {isa = PBXBuildFile; fileRef = B6E726931F4372BC0067B6F5 /* Quotewall.swift */; };
		B6E726961F4374360067B6F5 /* Quote.swift in Sources */ = {isa = PBXBuildFile; fileRef = B6E726951F4374360067B6F5 /* Quote.swift */; };
		B6E726981F43966D0067B6F5 /* QuotewallController.swift in Sources */ = {isa = PBXBuildFile; fileRef = B6E726971F43966D0067B6F5 /* QuotewallController.swift */; };
		B6E7269A1F4396990067B6F5 /* QuoteController.swift in Sources */ = {isa = PBXBuildFile; fileRef = B6E726991F4396990067B6F5 /* QuoteController.swift */; };
		B6E7269E1F43A1A80067B6F5 /* CloudKit.framework in Frameworks */ = {isa = PBXBuildFile; fileRef = B6E7269D1F43A1A80067B6F5 /* CloudKit.framework */; };
		B6E726A01F43AC6F0067B6F5 /* SharedQuotes.storyboard in Resources */ = {isa = PBXBuildFile; fileRef = B6E7269F1F43AC6F0067B6F5 /* SharedQuotes.storyboard */; };
		B6E726A21F43ACEE0067B6F5 /* QuoteCategoryCollection.storyboard in Resources */ = {isa = PBXBuildFile; fileRef = B6E726A11F43ACEE0067B6F5 /* QuoteCategoryCollection.storyboard */; };
		B6E726A41F43ADE70067B6F5 /* QuotesTemplate1.storyboard in Resources */ = {isa = PBXBuildFile; fileRef = B6E726A31F43ADE70067B6F5 /* QuotesTemplate1.storyboard */; };
		B6E726A61F43AE3B0067B6F5 /* QuoteCollection.storyboard in Resources */ = {isa = PBXBuildFile; fileRef = B6E726A51F43AE3B0067B6F5 /* QuoteCollection.storyboard */; };
		B6E726A81F43B1E10067B6F5 /* QuoteToShare.storyboard in Resources */ = {isa = PBXBuildFile; fileRef = B6E726A71F43B1E10067B6F5 /* QuoteToShare.storyboard */; };
		B6E726AA1F43B2E60067B6F5 /* Favorites.storyboard in Resources */ = {isa = PBXBuildFile; fileRef = B6E726A91F43B2E60067B6F5 /* Favorites.storyboard */; };
		B6E726AC1F43B3720067B6F5 /* RemoveQuote.storyboard in Resources */ = {isa = PBXBuildFile; fileRef = B6E726AB1F43B3720067B6F5 /* RemoveQuote.storyboard */; };
		B6E726AE1F43B4150067B6F5 /* SearchQuotes.storyboard in Resources */ = {isa = PBXBuildFile; fileRef = B6E726AD1F43B4150067B6F5 /* SearchQuotes.storyboard */; };
/* End PBXBuildFile section */

/* Begin PBXFileReference section */
		B6E726741F436DBB0067B6F5 /* Quotewall.app */ = {isa = PBXFileReference; explicitFileType = wrapper.application; includeInIndex = 0; path = Quotewall.app; sourceTree = BUILT_PRODUCTS_DIR; };
		B6E726771F436DBB0067B6F5 /* AppDelegate.swift */ = {isa = PBXFileReference; lastKnownFileType = sourcecode.swift; path = AppDelegate.swift; sourceTree = "<group>"; };
		B6E7267C1F436DBB0067B6F5 /* Base */ = {isa = PBXFileReference; lastKnownFileType = file.storyboard; name = Base; path = Base.lproj/Main.storyboard; sourceTree = "<group>"; };
		B6E7267F1F436DBB0067B6F5 /* Quotewall.xcdatamodel */ = {isa = PBXFileReference; lastKnownFileType = wrapper.xcdatamodel; path = Quotewall.xcdatamodel; sourceTree = "<group>"; };
		B6E726811F436DBB0067B6F5 /* Assets.xcassets */ = {isa = PBXFileReference; lastKnownFileType = folder.assetcatalog; path = Assets.xcassets; sourceTree = "<group>"; };
		B6E726841F436DBB0067B6F5 /* Base */ = {isa = PBXFileReference; lastKnownFileType = file.storyboard; name = Base; path = Base.lproj/LaunchScreen.storyboard; sourceTree = "<group>"; };
		B6E726861F436DBB0067B6F5 /* Info.plist */ = {isa = PBXFileReference; lastKnownFileType = text.plist.xml; path = Info.plist; sourceTree = "<group>"; };
		B6E726911F4371EF0067B6F5 /* CloudKitController.swift */ = {isa = PBXFileReference; fileEncoding = 4; lastKnownFileType = sourcecode.swift; path = CloudKitController.swift; sourceTree = "<group>"; };
		B6E726931F4372BC0067B6F5 /* Quotewall.swift */ = {isa = PBXFileReference; fileEncoding = 4; lastKnownFileType = sourcecode.swift; path = Quotewall.swift; sourceTree = "<group>"; };
		B6E726951F4374360067B6F5 /* Quote.swift */ = {isa = PBXFileReference; fileEncoding = 4; lastKnownFileType = sourcecode.swift; path = Quote.swift; sourceTree = "<group>"; };
		B6E726971F43966D0067B6F5 /* QuotewallController.swift */ = {isa = PBXFileReference; fileEncoding = 4; lastKnownFileType = sourcecode.swift; path = QuotewallController.swift; sourceTree = "<group>"; };
		B6E726991F4396990067B6F5 /* QuoteController.swift */ = {isa = PBXFileReference; fileEncoding = 4; lastKnownFileType = sourcecode.swift; path = QuoteController.swift; sourceTree = "<group>"; };
		B6E7269B1F43A19F0067B6F5 /* Quotewall.entitlements */ = {isa = PBXFileReference; lastKnownFileType = text.plist.entitlements; path = Quotewall.entitlements; sourceTree = "<group>"; };
		B6E7269D1F43A1A80067B6F5 /* CloudKit.framework */ = {isa = PBXFileReference; lastKnownFileType = wrapper.framework; name = CloudKit.framework; path = System/Library/Frameworks/CloudKit.framework; sourceTree = SDKROOT; };
		B6E7269F1F43AC6F0067B6F5 /* SharedQuotes.storyboard */ = {isa = PBXFileReference; fileEncoding = 4; lastKnownFileType = file.storyboard; path = SharedQuotes.storyboard; sourceTree = "<group>"; };
		B6E726A11F43ACEE0067B6F5 /* QuoteCategoryCollection.storyboard */ = {isa = PBXFileReference; fileEncoding = 4; lastKnownFileType = file.storyboard; path = QuoteCategoryCollection.storyboard; sourceTree = "<group>"; };
		B6E726A31F43ADE70067B6F5 /* QuotesTemplate1.storyboard */ = {isa = PBXFileReference; fileEncoding = 4; lastKnownFileType = file.storyboard; path = QuotesTemplate1.storyboard; sourceTree = "<group>"; };
		B6E726A51F43AE3B0067B6F5 /* QuoteCollection.storyboard */ = {isa = PBXFileReference; fileEncoding = 4; lastKnownFileType = file.storyboard; path = QuoteCollection.storyboard; sourceTree = "<group>"; };
		B6E726A71F43B1E10067B6F5 /* QuoteToShare.storyboard */ = {isa = PBXFileReference; fileEncoding = 4; lastKnownFileType = file.storyboard; path = QuoteToShare.storyboard; sourceTree = "<group>"; };
		B6E726A91F43B2E60067B6F5 /* Favorites.storyboard */ = {isa = PBXFileReference; fileEncoding = 4; lastKnownFileType = file.storyboard; path = Favorites.storyboard; sourceTree = "<group>"; };
		B6E726AB1F43B3720067B6F5 /* RemoveQuote.storyboard */ = {isa = PBXFileReference; fileEncoding = 4; lastKnownFileType = file.storyboard; path = RemoveQuote.storyboard; sourceTree = "<group>"; };
		B6E726AD1F43B4150067B6F5 /* SearchQuotes.storyboard */ = {isa = PBXFileReference; fileEncoding = 4; lastKnownFileType = file.storyboard; path = SearchQuotes.storyboard; sourceTree = "<group>"; };
/* End PBXFileReference section */

/* Begin PBXFrameworksBuildPhase section */
		B6E726711F436DBB0067B6F5 /* Frameworks */ = {
			isa = PBXFrameworksBuildPhase;
			buildActionMask = 2147483647;
			files = (
				B6E7269E1F43A1A80067B6F5 /* CloudKit.framework in Frameworks */,
			);
			runOnlyForDeploymentPostprocessing = 0;
		};
/* End PBXFrameworksBuildPhase section */

/* Begin PBXGroup section */
		B6E7266B1F436DBB0067B6F5 = {
			isa = PBXGroup;
			children = (
				B6E726761F436DBB0067B6F5 /* Quotewall */,
				B6E726751F436DBB0067B6F5 /* Products */,
				B6E7269C1F43A1A80067B6F5 /* Frameworks */,
			);
			sourceTree = "<group>";
		};
		B6E726751F436DBB0067B6F5 /* Products */ = {
			isa = PBXGroup;
			children = (
				B6E726741F436DBB0067B6F5 /* Quotewall.app */,
			);
			name = Products;
			sourceTree = "<group>";
		};
		B6E726761F436DBB0067B6F5 /* Quotewall */ = {
			isa = PBXGroup;
			children = (
				B6E7269B1F43A19F0067B6F5 /* Quotewall.entitlements */,
				B6E726901F4371830067B6F5 /* ViewController */,
				B6E7268F1F4371790067B6F5 /* ModelController */,
				B6E7268E1F4371620067B6F5 /* Model */,
				B6E7268C1F4371530067B6F5 /* Resources */,
				B6E7268D1F43715B0067B6F5 /* Storyboards */,
			);
			path = Quotewall;
			sourceTree = "<group>";
		};
		B6E7268C1F4371530067B6F5 /* Resources */ = {
			isa = PBXGroup;
			children = (
				B6E7267B1F436DBB0067B6F5 /* Main.storyboard */,
				B6E726831F436DBB0067B6F5 /* LaunchScreen.storyboard */,
				B6E726771F436DBB0067B6F5 /* AppDelegate.swift */,
				B6E726811F436DBB0067B6F5 /* Assets.xcassets */,
				B6E726861F436DBB0067B6F5 /* Info.plist */,
				B6E7267E1F436DBB0067B6F5 /* Quotewall.xcdatamodeld */,
			);
			name = Resources;
			sourceTree = "<group>";
		};
		B6E7268D1F43715B0067B6F5 /* Storyboards */ = {
			isa = PBXGroup;
			children = (
				B6E7269F1F43AC6F0067B6F5 /* SharedQuotes.storyboard */,
				B6E726A11F43ACEE0067B6F5 /* QuoteCategoryCollection.storyboard */,
				B6E726A31F43ADE70067B6F5 /* QuotesTemplate1.storyboard */,
				B6E726A51F43AE3B0067B6F5 /* QuoteCollection.storyboard */,
				B6E726A71F43B1E10067B6F5 /* QuoteToShare.storyboard */,
				B6E726A91F43B2E60067B6F5 /* Favorites.storyboard */,
				B6E726AB1F43B3720067B6F5 /* RemoveQuote.storyboard */,
				B6E726AD1F43B4150067B6F5 /* SearchQuotes.storyboard */,
			);
			name = Storyboards;
			sourceTree = "<group>";
		};
		B6E7268E1F4371620067B6F5 /* Model */ = {
			isa = PBXGroup;
			children = (
				B6E726931F4372BC0067B6F5 /* Quotewall.swift */,
				B6E726951F4374360067B6F5 /* Quote.swift */,
			);
			name = Model;
			sourceTree = "<group>";
		};
		B6E7268F1F4371790067B6F5 /* ModelController */ = {
			isa = PBXGroup;
			children = (
				B6E726911F4371EF0067B6F5 /* CloudKitController.swift */,
				B6E726971F43966D0067B6F5 /* QuotewallController.swift */,
				B6E726991F4396990067B6F5 /* QuoteController.swift */,
			);
			name = ModelController;
			sourceTree = "<group>";
		};
		B6E726901F4371830067B6F5 /* ViewController */ = {
			isa = PBXGroup;
			children = (
			);
			name = ViewController;
			sourceTree = "<group>";
		};
		B6E7269C1F43A1A80067B6F5 /* Frameworks */ = {
			isa = PBXGroup;
			children = (
				B6E7269D1F43A1A80067B6F5 /* CloudKit.framework */,
			);
			name = Frameworks;
			sourceTree = "<group>";
		};
/* End PBXGroup section */

/* Begin PBXNativeTarget section */
		B6E726731F436DBB0067B6F5 /* Quotewall */ = {
			isa = PBXNativeTarget;
			buildConfigurationList = B6E726891F436DBB0067B6F5 /* Build configuration list for PBXNativeTarget "Quotewall" */;
			buildPhases = (
				B6E726701F436DBB0067B6F5 /* Sources */,
				B6E726711F436DBB0067B6F5 /* Frameworks */,
				B6E726721F436DBB0067B6F5 /* Resources */,
			);
			buildRules = (
			);
			dependencies = (
			);
			name = Quotewall;
			productName = Quotewall;
			productReference = B6E726741F436DBB0067B6F5 /* Quotewall.app */;
			productType = "com.apple.product-type.application";
		};
/* End PBXNativeTarget section */

/* Begin PBXProject section */
		B6E7266C1F436DBB0067B6F5 /* Project object */ = {
			isa = PBXProject;
			attributes = {
				LastSwiftUpdateCheck = 0830;
				LastUpgradeCheck = 0830;
				ORGANIZATIONNAME = "Collin Cannavo";
				TargetAttributes = {
					B6E726731F436DBB0067B6F5 = {
						CreatedOnToolsVersion = 8.3.3;
						DevelopmentTeam = F83BXD8Z2Y;
						ProvisioningStyle = Automatic;
						SystemCapabilities = {
							com.apple.Push = {
								enabled = 1;
							};
							com.apple.iCloud = {
								enabled = 1;
							};
						};
					};
				};
			};
			buildConfigurationList = B6E7266F1F436DBB0067B6F5 /* Build configuration list for PBXProject "Quotewall" */;
			compatibilityVersion = "Xcode 3.2";
			developmentRegion = English;
			hasScannedForEncodings = 0;
			knownRegions = (
				en,
				Base,
			);
			mainGroup = B6E7266B1F436DBB0067B6F5;
			productRefGroup = B6E726751F436DBB0067B6F5 /* Products */;
			projectDirPath = "";
			projectRoot = "";
			targets = (
				B6E726731F436DBB0067B6F5 /* Quotewall */,
			);
		};
/* End PBXProject section */

/* Begin PBXResourcesBuildPhase section */
		B6E726721F436DBB0067B6F5 /* Resources */ = {
			isa = PBXResourcesBuildPhase;
			buildActionMask = 2147483647;
			files = (
				B6E726851F436DBB0067B6F5 /* LaunchScreen.storyboard in Resources */,
				B6E726A61F43AE3B0067B6F5 /* QuoteCollection.storyboard in Resources */,
				B6E726AE1F43B4150067B6F5 /* SearchQuotes.storyboard in Resources */,
				B6E726AA1F43B2E60067B6F5 /* Favorites.storyboard in Resources */,
				B6E726A81F43B1E10067B6F5 /* QuoteToShare.storyboard in Resources */,
				B6E726821F436DBB0067B6F5 /* Assets.xcassets in Resources */,
				B6E726AC1F43B3720067B6F5 /* RemoveQuote.storyboard in Resources */,
				B6E726A21F43ACEE0067B6F5 /* QuoteCategoryCollection.storyboard in Resources */,
				B6E726A01F43AC6F0067B6F5 /* SharedQuotes.storyboard in Resources */,
				B6E7267D1F436DBB0067B6F5 /* Main.storyboard in Resources */,
				B6E726A41F43ADE70067B6F5 /* QuotesTemplate1.storyboard in Resources */,
			);
			runOnlyForDeploymentPostprocessing = 0;
		};
/* End PBXResourcesBuildPhase section */

/* Begin PBXSourcesBuildPhase section */
		B6E726701F436DBB0067B6F5 /* Sources */ = {
			isa = PBXSourcesBuildPhase;
			buildActionMask = 2147483647;
			files = (
				B6E7269A1F4396990067B6F5 /* QuoteController.swift in Sources */,
				B6E726981F43966D0067B6F5 /* QuotewallController.swift in Sources */,
				B6E726941F4372BC0067B6F5 /* Quotewall.swift in Sources */,
				B6E726801F436DBB0067B6F5 /* Quotewall.xcdatamodeld in Sources */,
				B6E726921F4371EF0067B6F5 /* CloudKitController.swift in Sources */,
				B6E726961F4374360067B6F5 /* Quote.swift in Sources */,
				B6E726781F436DBB0067B6F5 /* AppDelegate.swift in Sources */,
			);
			runOnlyForDeploymentPostprocessing = 0;
		};
/* End PBXSourcesBuildPhase section */

/* Begin PBXVariantGroup section */
		B6E7267B1F436DBB0067B6F5 /* Main.storyboard */ = {
			isa = PBXVariantGroup;
			children = (
				B6E7267C1F436DBB0067B6F5 /* Base */,
			);
			name = Main.storyboard;
			sourceTree = "<group>";
		};
		B6E726831F436DBB0067B6F5 /* LaunchScreen.storyboard */ = {
			isa = PBXVariantGroup;
			children = (
				B6E726841F436DBB0067B6F5 /* Base */,
			);
			name = LaunchScreen.storyboard;
			sourceTree = "<group>";
		};
/* End PBXVariantGroup section */

/* Begin XCBuildConfiguration section */
		B6E726871F436DBB0067B6F5 /* Debug */ = {
			isa = XCBuildConfiguration;
			buildSettings = {
				ALWAYS_SEARCH_USER_PATHS = NO;
				CLANG_ANALYZER_NONNULL = YES;
				CLANG_ANALYZER_NUMBER_OBJECT_CONVERSION = YES_AGGRESSIVE;
				CLANG_CXX_LANGUAGE_STANDARD = "gnu++0x";
				CLANG_CXX_LIBRARY = "libc++";
				CLANG_ENABLE_MODULES = YES;
				CLANG_ENABLE_OBJC_ARC = YES;
				CLANG_WARN_BOOL_CONVERSION = YES;
				CLANG_WARN_CONSTANT_CONVERSION = YES;
				CLANG_WARN_DIRECT_OBJC_ISA_USAGE = YES_ERROR;
				CLANG_WARN_DOCUMENTATION_COMMENTS = YES;
				CLANG_WARN_EMPTY_BODY = YES;
				CLANG_WARN_ENUM_CONVERSION = YES;
				CLANG_WARN_INFINITE_RECURSION = YES;
				CLANG_WARN_INT_CONVERSION = YES;
				CLANG_WARN_OBJC_ROOT_CLASS = YES_ERROR;
				CLANG_WARN_SUSPICIOUS_MOVE = YES;
				CLANG_WARN_UNREACHABLE_CODE = YES;
				CLANG_WARN__DUPLICATE_METHOD_MATCH = YES;
				"CODE_SIGN_IDENTITY[sdk=iphoneos*]" = "iPhone Developer";
				COPY_PHASE_STRIP = NO;
				DEBUG_INFORMATION_FORMAT = dwarf;
				ENABLE_STRICT_OBJC_MSGSEND = YES;
				ENABLE_TESTABILITY = YES;
				GCC_C_LANGUAGE_STANDARD = gnu99;
				GCC_DYNAMIC_NO_PIC = NO;
				GCC_NO_COMMON_BLOCKS = YES;
				GCC_OPTIMIZATION_LEVEL = 0;
				GCC_PREPROCESSOR_DEFINITIONS = (
					"DEBUG=1",
					"$(inherited)",
				);
				GCC_WARN_64_TO_32_BIT_CONVERSION = YES;
				GCC_WARN_ABOUT_RETURN_TYPE = YES_ERROR;
				GCC_WARN_UNDECLARED_SELECTOR = YES;
				GCC_WARN_UNINITIALIZED_AUTOS = YES_AGGRESSIVE;
				GCC_WARN_UNUSED_FUNCTION = YES;
				GCC_WARN_UNUSED_VARIABLE = YES;
				IPHONEOS_DEPLOYMENT_TARGET = 10.3;
				MTL_ENABLE_DEBUG_INFO = YES;
				ONLY_ACTIVE_ARCH = YES;
				SDKROOT = iphoneos;
				SWIFT_ACTIVE_COMPILATION_CONDITIONS = DEBUG;
				SWIFT_OPTIMIZATION_LEVEL = "-Onone";
				TARGETED_DEVICE_FAMILY = "1,2";
			};
			name = Debug;
		};
		B6E726881F436DBB0067B6F5 /* Release */ = {
			isa = XCBuildConfiguration;
			buildSettings = {
				ALWAYS_SEARCH_USER_PATHS = NO;
				CLANG_ANALYZER_NONNULL = YES;
				CLANG_ANALYZER_NUMBER_OBJECT_CONVERSION = YES_AGGRESSIVE;
				CLANG_CXX_LANGUAGE_STANDARD = "gnu++0x";
				CLANG_CXX_LIBRARY = "libc++";
				CLANG_ENABLE_MODULES = YES;
				CLANG_ENABLE_OBJC_ARC = YES;
				CLANG_WARN_BOOL_CONVERSION = YES;
				CLANG_WARN_CONSTANT_CONVERSION = YES;
				CLANG_WARN_DIRECT_OBJC_ISA_USAGE = YES_ERROR;
				CLANG_WARN_DOCUMENTATION_COMMENTS = YES;
				CLANG_WARN_EMPTY_BODY = YES;
				CLANG_WARN_ENUM_CONVERSION = YES;
				CLANG_WARN_INFINITE_RECURSION = YES;
				CLANG_WARN_INT_CONVERSION = YES;
				CLANG_WARN_OBJC_ROOT_CLASS = YES_ERROR;
				CLANG_WARN_SUSPICIOUS_MOVE = YES;
				CLANG_WARN_UNREACHABLE_CODE = YES;
				CLANG_WARN__DUPLICATE_METHOD_MATCH = YES;
				"CODE_SIGN_IDENTITY[sdk=iphoneos*]" = "iPhone Developer";
				COPY_PHASE_STRIP = NO;
				DEBUG_INFORMATION_FORMAT = "dwarf-with-dsym";
				ENABLE_NS_ASSERTIONS = NO;
				ENABLE_STRICT_OBJC_MSGSEND = YES;
				GCC_C_LANGUAGE_STANDARD = gnu99;
				GCC_NO_COMMON_BLOCKS = YES;
				GCC_WARN_64_TO_32_BIT_CONVERSION = YES;
				GCC_WARN_ABOUT_RETURN_TYPE = YES_ERROR;
				GCC_WARN_UNDECLARED_SELECTOR = YES;
				GCC_WARN_UNINITIALIZED_AUTOS = YES_AGGRESSIVE;
				GCC_WARN_UNUSED_FUNCTION = YES;
				GCC_WARN_UNUSED_VARIABLE = YES;
				IPHONEOS_DEPLOYMENT_TARGET = 10.3;
				MTL_ENABLE_DEBUG_INFO = NO;
				SDKROOT = iphoneos;
				SWIFT_OPTIMIZATION_LEVEL = "-Owholemodule";
				TARGETED_DEVICE_FAMILY = "1,2";
				VALIDATE_PRODUCT = YES;
			};
			name = Release;
		};
		B6E7268A1F436DBB0067B6F5 /* Debug */ = {
			isa = XCBuildConfiguration;
			buildSettings = {
				ASSETCATALOG_COMPILER_APPICON_NAME = AppIcon;
				CODE_SIGN_ENTITLEMENTS = Quotewall/Quotewall.entitlements;
				DEVELOPMENT_TEAM = F83BXD8Z2Y;
				INFOPLIST_FILE = Quotewall/Info.plist;
				LD_RUNPATH_SEARCH_PATHS = "$(inherited) @executable_path/Frameworks";
				PRODUCT_BUNDLE_IDENTIFIER = com.collincannavo.Quotewall;
				PRODUCT_NAME = "$(TARGET_NAME)";
				SWIFT_VERSION = 3.0;
			};
			name = Debug;
		};
		B6E7268B1F436DBB0067B6F5 /* Release */ = {
			isa = XCBuildConfiguration;
			buildSettings = {
				ASSETCATALOG_COMPILER_APPICON_NAME = AppIcon;
				CODE_SIGN_ENTITLEMENTS = Quotewall/Quotewall.entitlements;
				DEVELOPMENT_TEAM = F83BXD8Z2Y;
				INFOPLIST_FILE = Quotewall/Info.plist;
				LD_RUNPATH_SEARCH_PATHS = "$(inherited) @executable_path/Frameworks";
				PRODUCT_BUNDLE_IDENTIFIER = com.collincannavo.Quotewall;
				PRODUCT_NAME = "$(TARGET_NAME)";
				SWIFT_VERSION = 3.0;
			};
			name = Release;
		};
/* End XCBuildConfiguration section */

/* Begin XCConfigurationList section */
		B6E7266F1F436DBB0067B6F5 /* Build configuration list for PBXProject "Quotewall" */ = {
			isa = XCConfigurationList;
			buildConfigurations = (
				B6E726871F436DBB0067B6F5 /* Debug */,
				B6E726881F436DBB0067B6F5 /* Release */,
			);
			defaultConfigurationIsVisible = 0;
			defaultConfigurationName = Release;
		};
		B6E726891F436DBB0067B6F5 /* Build configuration list for PBXNativeTarget "Quotewall" */ = {
			isa = XCConfigurationList;
			buildConfigurations = (
				B6E7268A1F436DBB0067B6F5 /* Debug */,
				B6E7268B1F436DBB0067B6F5 /* Release */,
			);
			defaultConfigurationIsVisible = 0;
			defaultConfigurationName = Release;
		};
/* End XCConfigurationList section */

/* Begin XCVersionGroup section */
		B6E7267E1F436DBB0067B6F5 /* Quotewall.xcdatamodeld */ = {
			isa = XCVersionGroup;
			children = (
				B6E7267F1F436DBB0067B6F5 /* Quotewall.xcdatamodel */,
			);
			currentVersion = B6E7267F1F436DBB0067B6F5 /* Quotewall.xcdatamodel */;
			path = Quotewall.xcdatamodeld;
			sourceTree = "<group>";
			versionGroupType = wrapper.xcdatamodel;
		};
/* End XCVersionGroup section */
	};
	rootObject = B6E7266C1F436DBB0067B6F5 /* Project object */;
}
